
Microsoft Visual Studio Solution File, Format Version 12.00
# Visual Studio Version 16
VisualStudioVersion = 16.0.30804.86
MinimumVisualStudioVersion = 10.0.40219.1
Project("{FAE04EC0-301F-11D3-BF4B-00C04F79EFBC}") = "Diwas.TodoList", "Diwas.TodoList\Diwas.TodoList.csproj", "{AB659072-0B44-4A1F-B457-6F4E5DC06E09}"
EndProject
Project("{FAE04EC0-301F-11D3-BF4B-00C04F79EFBC}") = "Diwas.Data", "Diwas.Data\Diwas.Data.csproj", "{103948B9-4BAB-41C7-BE88-0AC51A5A0E9C}"
EndProject
Project("{FAE04EC0-301F-11D3-BF4B-00C04F79EFBC}") = "Diwas.Services", "Diwas.Services\Diwas.Services.csproj", "{A06034E3-69E0-41F3-98F6-6F1D3A42C93E}"
EndProject
Global
	GlobalSection(SolutionConfigurationPlatforms) = preSolution
		Debug|Any CPU = Debug|Any CPU
		Release|Any CPU = Release|Any CPU
	EndGlobalSection
	GlobalSection(ProjectConfigurationPlatforms) = postSolution
		{AB659072-0B44-4A1F-B457-6F4E5DC06E09}.Debug|Any CPU.ActiveCfg = Debug|Any CPU
		{AB659072-0B44-4A1F-B457-6F4E5DC06E09}.Debug|Any CPU.Build.0 = Debug|Any CPU
		{AB659072-0B44-4A1F-B457-6F4E5DC06E09}.Release|Any CPU.ActiveCfg = Release|Any CPU
		{AB659072-0B44-4A1F-B457-6F4E5DC06E09}.Release|Any CPU.Build.0 = Release|Any CPU
		{103948B9-4BAB-41C7-BE88-0AC51A5A0E9C}.Debug|Any CPU.ActiveCfg = Debug|Any CPU
		{103948B9-4BAB-41C7-BE88-0AC51A5A0E9C}.Debug|Any CPU.Build.0 = Debug|Any CPU
		{103948B9-4BAB-41C7-BE88-0AC51A5A0E9C}.Release|Any CPU.ActiveCfg = Release|Any CPU
		{103948B9-4BAB-41C7-BE88-0AC51A5A0E9C}.Release|Any CPU.Build.0 = Release|Any CPU
		{A06034E3-69E0-41F3-98F6-6F1D3A42C93E}.Debug|Any CPU.ActiveCfg = Debug|Any CPU
		{A06034E3-69E0-41F3-98F6-6F1D3A42C93E}.Debug|Any CPU.Build.0 = Debug|Any CPU
		{A06034E3-69E0-41F3-98F6-6F1D3A42C93E}.Release|Any CPU.ActiveCfg = Release|Any CPU
		{A06034E3-69E0-41F3-98F6-6F1D3A42C93E}.Release|Any CPU.Build.0 = Release|Any CPU
	EndGlobalSection
	GlobalSection(SolutionProperties) = preSolution
		HideSolutionNode = FALSE
	EndGlobalSection
	GlobalSection(ExtensibilityGlobals) = postSolution
		SolutionGuid = {C82775DA-CB70-4435-B9EA-A02F815322A8}
	EndGlobalSection
EndGlobal
